
Microsoft Visual Studio Solution File, Format Version 12.00
# Visual Studio Version 16
VisualStudioVersion = 25.0.1706.7
MinimumVisualStudioVersion = 10.0.40219.1
Project("{FAE04EC0-301F-11D3-BF4B-00C04F79EFBC}") = "AdventOfCode2023", "AdventOfCode2023\AdventOfCode2023.csproj", "{1A998C08-84D4-4B61-868E-4E548AC6D246}"
EndProject
Global
	GlobalSection(SolutionConfigurationPlatforms) = preSolution
		Debug|Any CPU = Debug|Any CPU
		Release|Any CPU = Release|Any CPU
	EndGlobalSection
	GlobalSection(ProjectConfigurationPlatforms) = postSolution
		{1A998C08-84D4-4B61-868E-4E548AC6D246}.Debug|Any CPU.ActiveCfg = Debug|Any CPU
		{1A998C08-84D4-4B61-868E-4E548AC6D246}.Debug|Any CPU.Build.0 = Debug|Any CPU
		{1A998C08-84D4-4B61-868E-4E548AC6D246}.Release|Any CPU.ActiveCfg = Release|Any CPU
		{1A998C08-84D4-4B61-868E-4E548AC6D246}.Release|Any CPU.Build.0 = Release|Any CPU
	EndGlobalSection
	GlobalSection(SolutionProperties) = preSolution
		HideSolutionNode = FALSE
	EndGlobalSection
	GlobalSection(ExtensibilityGlobals) = postSolution
		SolutionGuid = {FE599E39-6B6C-4CE8-89E8-DAC225B935CD}
	EndGlobalSection
EndGlobal
